
Microsoft Visual Studio Solution File, Format Version 12.00
# Visual Studio 15
VisualStudioVersion = 15.0.28307.136
MinimumVisualStudioVersion = 10.0.40219.1
Project("{9A19103F-16F7-4668-BE54-9A1E7A4F7556}") = "Day1", "Day1\Day1.csproj", "{03F0FB17-BE10-44B0-B376-A3F08D2B5330}"
EndProject
Project("{9A19103F-16F7-4668-BE54-9A1E7A4F7556}") = "Day2", "Day2\Day2.csproj", "{F328355B-4890-46B2-AF00-A822B0A2A99A}"
EndProject
Project("{9A19103F-16F7-4668-BE54-9A1E7A4F7556}") = "Day3", "Day3\Day3.csproj", "{68C0A0E7-3BAF-4898-8A6C-428EB09EC246}"
EndProject
Project("{FAE04EC0-301F-11D3-BF4B-00C04F79EFBC}") = "Day4", "Day4\Day4.csproj", "{4A44EB64-7140-4210-8C0F-30E8BB3CB23E}"
EndProject
Project("{FAE04EC0-301F-11D3-BF4B-00C04F79EFBC}") = "Day5", "Day5\Day5.csproj", "{B4305578-65C4-45A5-9221-E17E71689004}"
EndProject
Project("{FAE04EC0-301F-11D3-BF4B-00C04F79EFBC}") = "Day6", "Day6\Day6.csproj", "{B46D16E9-8E40-43C9-924B-190429FB4BA7}"
EndProject
Project("{FAE04EC0-301F-11D3-BF4B-00C04F79EFBC}") = "Day7", "Day7\Day7.csproj", "{8D36882D-DB5D-4CF9-A076-9246AFD3943C}"
EndProject
Project("{FAE04EC0-301F-11D3-BF4B-00C04F79EFBC}") = "Day8", "Day8\Day8.csproj", "{044E2A94-DFC3-4FE5-B4B9-B782C671B12C}"
EndProject
Project("{FAE04EC0-301F-11D3-BF4B-00C04F79EFBC}") = "Day9", "Day9\Day9.csproj", "{E37D257D-223E-4653-9F32-C11F89CCAB06}"
EndProject
Global
	GlobalSection(SolutionConfigurationPlatforms) = preSolution
		Debug|Any CPU = Debug|Any CPU
		Release|Any CPU = Release|Any CPU
	EndGlobalSection
	GlobalSection(ProjectConfigurationPlatforms) = postSolution
		{03F0FB17-BE10-44B0-B376-A3F08D2B5330}.Debug|Any CPU.ActiveCfg = Debug|Any CPU
		{03F0FB17-BE10-44B0-B376-A3F08D2B5330}.Debug|Any CPU.Build.0 = Debug|Any CPU
		{03F0FB17-BE10-44B0-B376-A3F08D2B5330}.Release|Any CPU.ActiveCfg = Release|Any CPU
		{03F0FB17-BE10-44B0-B376-A3F08D2B5330}.Release|Any CPU.Build.0 = Release|Any CPU
		{F328355B-4890-46B2-AF00-A822B0A2A99A}.Debug|Any CPU.ActiveCfg = Debug|Any CPU
		{F328355B-4890-46B2-AF00-A822B0A2A99A}.Debug|Any CPU.Build.0 = Debug|Any CPU
		{F328355B-4890-46B2-AF00-A822B0A2A99A}.Release|Any CPU.ActiveCfg = Release|Any CPU
		{F328355B-4890-46B2-AF00-A822B0A2A99A}.Release|Any CPU.Build.0 = Release|Any CPU
		{68C0A0E7-3BAF-4898-8A6C-428EB09EC246}.Debug|Any CPU.ActiveCfg = Debug|Any CPU
		{68C0A0E7-3BAF-4898-8A6C-428EB09EC246}.Debug|Any CPU.Build.0 = Debug|Any CPU
		{68C0A0E7-3BAF-4898-8A6C-428EB09EC246}.Release|Any CPU.ActiveCfg = Release|Any CPU
		{68C0A0E7-3BAF-4898-8A6C-428EB09EC246}.Release|Any CPU.Build.0 = Release|Any CPU
		{4A44EB64-7140-4210-8C0F-30E8BB3CB23E}.Debug|Any CPU.ActiveCfg = Debug|Any CPU
		{4A44EB64-7140-4210-8C0F-30E8BB3CB23E}.Debug|Any CPU.Build.0 = Debug|Any CPU
		{4A44EB64-7140-4210-8C0F-30E8BB3CB23E}.Release|Any CPU.ActiveCfg = Release|Any CPU
		{4A44EB64-7140-4210-8C0F-30E8BB3CB23E}.Release|Any CPU.Build.0 = Release|Any CPU
		{B4305578-65C4-45A5-9221-E17E71689004}.Debug|Any CPU.ActiveCfg = Debug|Any CPU
		{B4305578-65C4-45A5-9221-E17E71689004}.Debug|Any CPU.Build.0 = Debug|Any CPU
		{B4305578-65C4-45A5-9221-E17E71689004}.Release|Any CPU.ActiveCfg = Release|Any CPU
		{B4305578-65C4-45A5-9221-E17E71689004}.Release|Any CPU.Build.0 = Release|Any CPU
		{B46D16E9-8E40-43C9-924B-190429FB4BA7}.Debug|Any CPU.ActiveCfg = Debug|Any CPU
		{B46D16E9-8E40-43C9-924B-190429FB4BA7}.Debug|Any CPU.Build.0 = Debug|Any CPU
		{B46D16E9-8E40-43C9-924B-190429FB4BA7}.Release|Any CPU.ActiveCfg = Release|Any CPU
		{B46D16E9-8E40-43C9-924B-190429FB4BA7}.Release|Any CPU.Build.0 = Release|Any CPU
		{8D36882D-DB5D-4CF9-A076-9246AFD3943C}.Debug|Any CPU.ActiveCfg = Debug|Any CPU
		{8D36882D-DB5D-4CF9-A076-9246AFD3943C}.Debug|Any CPU.Build.0 = Debug|Any CPU
		{8D36882D-DB5D-4CF9-A076-9246AFD3943C}.Release|Any CPU.ActiveCfg = Release|Any CPU
		{8D36882D-DB5D-4CF9-A076-9246AFD3943C}.Release|Any CPU.Build.0 = Release|Any CPU
		{044E2A94-DFC3-4FE5-B4B9-B782C671B12C}.Debug|Any CPU.ActiveCfg = Debug|Any CPU
		{044E2A94-DFC3-4FE5-B4B9-B782C671B12C}.Debug|Any CPU.Build.0 = Debug|Any CPU
		{044E2A94-DFC3-4FE5-B4B9-B782C671B12C}.Release|Any CPU.ActiveCfg = Release|Any CPU
		{044E2A94-DFC3-4FE5-B4B9-B782C671B12C}.Release|Any CPU.Build.0 = Release|Any CPU
		{E37D257D-223E-4653-9F32-C11F89CCAB06}.Debug|Any CPU.ActiveCfg = Debug|Any CPU
		{E37D257D-223E-4653-9F32-C11F89CCAB06}.Debug|Any CPU.Build.0 = Debug|Any CPU
		{E37D257D-223E-4653-9F32-C11F89CCAB06}.Release|Any CPU.ActiveCfg = Release|Any CPU
		{E37D257D-223E-4653-9F32-C11F89CCAB06}.Release|Any CPU.Build.0 = Release|Any CPU
	EndGlobalSection
	GlobalSection(SolutionProperties) = preSolution
		HideSolutionNode = FALSE
	EndGlobalSection
	GlobalSection(ExtensibilityGlobals) = postSolution
		SolutionGuid = {AC1C537F-332C-4D22-AD48-150A620CAF19}
	EndGlobalSection
EndGlobal
